// !$*UTF8*$!
{
	archiveVersion = 1;
	classes = {
	};
	objectVersion = 48;
	objects = {

/* Begin PBXBuildFile section */
		230FDD7E20293E59009B2E0A /* test2.cpp in Sources */ = {isa = PBXBuildFile; fileRef = 230FDD7820293E58009B2E0A /* test2.cpp */; };
		230FDD7F20293E59009B2E0A /* Text.cpp in Sources */ = {isa = PBXBuildFile; fileRef = 230FDD7920293E58009B2E0A /* Text.cpp */; };
		230FDD8220294120009B2E0A /* BlogEntry.cpp in Sources */ = {isa = PBXBuildFile; fileRef = 230FDD8020294120009B2E0A /* BlogEntry.cpp */; };
		230FDD8520294FBB009B2E0A /* Date.cpp in Sources */ = {isa = PBXBuildFile; fileRef = 230FDD8320294FBB009B2E0A /* Date.cpp */; };
/* End PBXBuildFile section */

/* Begin PBXCopyFilesBuildPhase section */
		230FDD6C20293E37009B2E0A /* CopyFiles */ = {
			isa = PBXCopyFilesBuildPhase;
			buildActionMask = 2147483647;
			dstPath = /usr/share/man/man1/;
			dstSubfolderSpec = 0;
			files = (
			);
			runOnlyForDeploymentPostprocessing = 1;
		};
/* End PBXCopyFilesBuildPhase section */

/* Begin PBXFileReference section */
		230FDD6E20293E37009B2E0A /* CS120Lab4_TamNguyen */ = {isa = PBXFileReference; explicitFileType = "compiled.mach-o.executable"; includeInIndex = 0; path = CS120Lab4_TamNguyen; sourceTree = BUILT_PRODUCTS_DIR; };
		230FDD7820293E58009B2E0A /* test2.cpp */ = {isa = PBXFileReference; fileEncoding = 4; lastKnownFileType = sourcecode.cpp.cpp; name = test2.cpp; path = ../../test2.cpp; sourceTree = "<group>"; };
		230FDD7920293E58009B2E0A /* Text.cpp */ = {isa = PBXFileReference; fileEncoding = 4; lastKnownFileType = sourcecode.cpp.cpp; name = Text.cpp; path = ../../Text.cpp; sourceTree = "<group>"; };
		230FDD7A20293E59009B2E0A /* Date.h */ = {isa = PBXFileReference; fileEncoding = 4; lastKnownFileType = sourcecode.c.h; name = Date.h; path = ../../Date.h; sourceTree = "<group>"; };
		230FDD7B20293E59009B2E0A /* Text.h */ = {isa = PBXFileReference; fileEncoding = 4; lastKnownFileType = sourcecode.c.h; name = Text.h; path = ../../Text.h; sourceTree = "<group>"; };
		230FDD7C20293E59009B2E0A /* BlogEntry.h */ = {isa = PBXFileReference; fileEncoding = 4; lastKnownFileType = sourcecode.c.h; name = BlogEntry.h; path = ../../BlogEntry.h; sourceTree = "<group>"; };
		230FDD7D20293E59009B2E0A /* config.h */ = {isa = PBXFileReference; fileEncoding = 4; lastKnownFileType = sourcecode.c.h; name = config.h; path = ../../config.h; sourceTree = "<group>"; };
		230FDD8020294120009B2E0A /* BlogEntry.cpp */ = {isa = PBXFileReference; lastKnownFileType = sourcecode.cpp.cpp; path = BlogEntry.cpp; sourceTree = "<group>"; };
		230FDD8320294FBB009B2E0A /* Date.cpp */ = {isa = PBXFileReference; lastKnownFileType = sourcecode.cpp.cpp; path = Date.cpp; sourceTree = "<group>"; };
/* End PBXFileReference section */

/* Begin PBXFrameworksBuildPhase section */
		230FDD6B20293E37009B2E0A /* Frameworks */ = {
			isa = PBXFrameworksBuildPhase;
			buildActionMask = 2147483647;
			files = (
			);
			runOnlyForDeploymentPostprocessing = 0;
		};
/* End PBXFrameworksBuildPhase section */

/* Begin PBXGroup section */
		230FDD6520293E37009B2E0A = {
			isa = PBXGroup;
			children = (
				230FDD7020293E37009B2E0A /* CS120Lab4_TamNguyen */,
				230FDD6F20293E37009B2E0A /* Products */,
			);
			sourceTree = "<group>";
		};
		230FDD6F20293E37009B2E0A /* Products */ = {
			isa = PBXGroup;
			children = (
				230FDD6E20293E37009B2E0A /* CS120Lab4_TamNguyen */,
			);
			name = Products;
			sourceTree = "<group>";
		};
		230FDD7020293E37009B2E0A /* CS120Lab4_TamNguyen */ = {
			isa = PBXGroup;
			children = (
				230FDD7C20293E59009B2E0A /* BlogEntry.h */,
				230FDD8020294120009B2E0A /* BlogEntry.cpp */,
				230FDD8320294FBB009B2E0A /* Date.cpp */,
				230FDD7A20293E59009B2E0A /* Date.h */,
				230FDD7D20293E59009B2E0A /* config.h */,
				230FDD7820293E58009B2E0A /* test2.cpp */,
				230FDD7920293E58009B2E0A /* Text.cpp */,
				230FDD7B20293E59009B2E0A /* Text.h */,
			);
			path = CS120Lab4_TamNguyen;
			sourceTree = "<group>";
		};
/* End PBXGroup section */

/* Begin PBXNativeTarget section */
		230FDD6D20293E37009B2E0A /* CS120Lab4_TamNguyen */ = {
			isa = PBXNativeTarget;
			buildConfigurationList = 230FDD7520293E37009B2E0A /* Build configuration list for PBXNativeTarget "CS120Lab4_TamNguyen" */;
			buildPhases = (
				230FDD6A20293E37009B2E0A /* Sources */,
				230FDD6B20293E37009B2E0A /* Frameworks */,
				230FDD6C20293E37009B2E0A /* CopyFiles */,
			);
			buildRules = (
			);
			dependencies = (
			);
			name = CS120Lab4_TamNguyen;
			productName = CS120Lab4_TamNguyen;
			productReference = 230FDD6E20293E37009B2E0A /* CS120Lab4_TamNguyen */;
			productType = "com.apple.product-type.tool";
		};
/* End PBXNativeTarget section */

/* Begin PBXProject section */
		230FDD6620293E37009B2E0A /* Project object */ = {
			isa = PBXProject;
			attributes = {
				LastUpgradeCheck = 0920;
				ORGANIZATIONNAME = "Nguyen Tam";
				TargetAttributes = {
					230FDD6D20293E37009B2E0A = {
						CreatedOnToolsVersion = 9.2;
						ProvisioningStyle = Automatic;
					};
				};
			};
			buildConfigurationList = 230FDD6920293E37009B2E0A /* Build configuration list for PBXProject "CS120Lab4_TamNguyen" */;
			compatibilityVersion = "Xcode 8.0";
			developmentRegion = en;
			hasScannedForEncodings = 0;
			knownRegions = (
				en,
			);
			mainGroup = 230FDD6520293E37009B2E0A;
			productRefGroup = 230FDD6F20293E37009B2E0A /* Products */;
			projectDirPath = "";
			projectRoot = "";
			targets = (
				230FDD6D20293E37009B2E0A /* CS120Lab4_TamNguyen */,
			);
		};
/* End PBXProject section */

/* Begin PBXSourcesBuildPhase section */
		230FDD6A20293E37009B2E0A /* Sources */ = {
			isa = PBXSourcesBuildPhase;
			buildActionMask = 2147483647;
			files = (
				230FDD8220294120009B2E0A /* BlogEntry.cpp in Sources */,
				230FDD7F20293E59009B2E0A /* Text.cpp in Sources */,
				230FDD7E20293E59009B2E0A /* test2.cpp in Sources */,
				230FDD8520294FBB009B2E0A /* Date.cpp in Sources */,
			);
			runOnlyForDeploymentPostprocessing = 0;
		};
/* End PBXSourcesBuildPhase section */

/* Begin XCBuildConfiguration section */
		230FDD7320293E37009B2E0A /* Debug */ = {
			isa = XCBuildConfiguration;
			buildSettings = {
				ALWAYS_SEARCH_USER_PATHS = NO;
				CLANG_ANALYZER_NONNULL = YES;
				CLANG_ANALYZER_NUMBER_OBJECT_CONVERSION = YES_AGGRESSIVE;
				CLANG_CXX_LANGUAGE_STANDARD = "gnu++14";
				CLANG_CXX_LIBRARY = "libc++";
				CLANG_ENABLE_MODULES = YES;
				CLANG_ENABLE_OBJC_ARC = YES;
				CLANG_WARN_BLOCK_CAPTURE_AUTORELEASING = YES;
				CLANG_WARN_BOOL_CONVERSION = YES;
				CLANG_WARN_COMMA = YES;
				CLANG_WARN_CONSTANT_CONVERSION = YES;
				CLANG_WARN_DIRECT_OBJC_ISA_USAGE = YES_ERROR;
				CLANG_WARN_DOCUMENTATION_COMMENTS = YES;
				CLANG_WARN_EMPTY_BODY = YES;
				CLANG_WARN_ENUM_CONVERSION = YES;
				CLANG_WARN_INFINITE_RECURSION = YES;
				CLANG_WARN_INT_CONVERSION = YES;
				CLANG_WARN_NON_LITERAL_NULL_CONVERSION = YES;
				CLANG_WARN_OBJC_LITERAL_CONVERSION = YES;
				CLANG_WARN_OBJC_ROOT_CLASS = YES_ERROR;
				CLANG_WARN_RANGE_LOOP_ANALYSIS = YES;
				CLANG_WARN_STRICT_PROTOTYPES = YES;
				CLANG_WARN_SUSPICIOUS_MOVE = YES;
				CLANG_WARN_UNGUARDED_AVAILABILITY = YES_AGGRESSIVE;
				CLANG_WARN_UNREACHABLE_CODE = YES;
				CLANG_WARN__DUPLICATE_METHOD_MATCH = YES;
				CODE_SIGN_IDENTITY = "-";
				COPY_PHASE_STRIP = NO;
				DEBUG_INFORMATION_FORMAT = dwarf;
				ENABLE_STRICT_OBJC_MSGSEND = YES;
				ENABLE_TESTABILITY = YES;
				GCC_C_LANGUAGE_STANDARD = gnu11;
				GCC_DYNAMIC_NO_PIC = NO;
				GCC_NO_COMMON_BLOCKS = YES;
				GCC_OPTIMIZATION_LEVEL = 0;
				GCC_PREPROCESSOR_DEFINITIONS = (
					"DEBUG=1",
					"$(inherited)",
				);
				GCC_WARN_64_TO_32_BIT_CONVERSION = YES;
				GCC_WARN_ABOUT_RETURN_TYPE = YES_ERROR;
				GCC_WARN_UNDECLARED_SELECTOR = YES;
				GCC_WARN_UNINITIALIZED_AUTOS = YES_AGGRESSIVE;
				GCC_WARN_UNUSED_FUNCTION = YES;
				GCC_WARN_UNUSED_VARIABLE = YES;
				MACOSX_DEPLOYMENT_TARGET = 10.12;
				MTL_ENABLE_DEBUG_INFO = YES;
				ONLY_ACTIVE_ARCH = YES;
				SDKROOT = macosx;
			};
			name = Debug;
		};
		230FDD7420293E37009B2E0A /* Release */ = {
			isa = XCBuildConfiguration;
			buildSettings = {
				ALWAYS_SEARCH_USER_PATHS = NO;
				CLANG_ANALYZER_NONNULL = YES;
				CLANG_ANALYZER_NUMBER_OBJECT_CONVERSION = YES_AGGRESSIVE;
				CLANG_CXX_LANGUAGE_STANDARD = "gnu++14";
				CLANG_CXX_LIBRARY = "libc++";
				CLANG_ENABLE_MODULES = YES;
				CLANG_ENABLE_OBJC_ARC = YES;
				CLANG_WARN_BLOCK_CAPTURE_AUTORELEASING = YES;
				CLANG_WARN_BOOL_CONVERSION = YES;
				CLANG_WARN_COMMA = YES;
				CLANG_WARN_CONSTANT_CONVERSION = YES;
				CLANG_WARN_DIRECT_OBJC_ISA_USAGE = YES_ERROR;
				CLANG_WARN_DOCUMENTATION_COMMENTS = YES;
				CLANG_WARN_EMPTY_BODY = YES;
				CLANG_WARN_ENUM_CONVERSION = YES;
				CLANG_WARN_INFINITE_RECURSION = YES;
				CLANG_WARN_INT_CONVERSION = YES;
				CLANG_WARN_NON_LITERAL_NULL_CONVERSION = YES;
				CLANG_WARN_OBJC_LITERAL_CONVERSION = YES;
				CLANG_WARN_OBJC_ROOT_CLASS = YES_ERROR;
				CLANG_WARN_RANGE_LOOP_ANALYSIS = YES;
				CLANG_WARN_STRICT_PROTOTYPES = YES;
				CLANG_WARN_SUSPICIOUS_MOVE = YES;
				CLANG_WARN_UNGUARDED_AVAILABILITY = YES_AGGRESSIVE;
				CLANG_WARN_UNREACHABLE_CODE = YES;
				CLANG_WARN__DUPLICATE_METHOD_MATCH = YES;
				CODE_SIGN_IDENTITY = "-";
				COPY_PHASE_STRIP = NO;
				DEBUG_INFORMATION_FORMAT = "dwarf-with-dsym";
				ENABLE_NS_ASSERTIONS = NO;
				ENABLE_STRICT_OBJC_MSGSEND = YES;
				GCC_C_LANGUAGE_STANDARD = gnu11;
				GCC_NO_COMMON_BLOCKS = YES;
				GCC_WARN_64_TO_32_BIT_CONVERSION = YES;
				GCC_WARN_ABOUT_RETURN_TYPE = YES_ERROR;
				GCC_WARN_UNDECLARED_SELECTOR = YES;
				GCC_WARN_UNINITIALIZED_AUTOS = YES_AGGRESSIVE;
				GCC_WARN_UNUSED_FUNCTION = YES;
				GCC_WARN_UNUSED_VARIABLE = YES;
				MACOSX_DEPLOYMENT_TARGET = 10.12;
				MTL_ENABLE_DEBUG_INFO = NO;
				SDKROOT = macosx;
			};
			name = Release;
		};
		230FDD7620293E37009B2E0A /* Debug */ = {
			isa = XCBuildConfiguration;
			buildSettings = {
				CODE_SIGN_STYLE = Automatic;
				PRODUCT_NAME = "$(TARGET_NAME)";
			};
			name = Debug;
		};
		230FDD7720293E37009B2E0A /* Release */ = {
			isa = XCBuildConfiguration;
			buildSettings = {
				CODE_SIGN_STYLE = Automatic;
				PRODUCT_NAME = "$(TARGET_NAME)";
			};
			name = Release;
		};
/* End XCBuildConfiguration section */

/* Begin XCConfigurationList section */
		230FDD6920293E37009B2E0A /* Build configuration list for PBXProject "CS120Lab4_TamNguyen" */ = {
			isa = XCConfigurationList;
			buildConfigurations = (
				230FDD7320293E37009B2E0A /* Debug */,
				230FDD7420293E37009B2E0A /* Release */,
			);
			defaultConfigurationIsVisible = 0;
			defaultConfigurationName = Release;
		};
		230FDD7520293E37009B2E0A /* Build configuration list for PBXNativeTarget "CS120Lab4_TamNguyen" */ = {
			isa = XCConfigurationList;
			buildConfigurations = (
				230FDD7620293E37009B2E0A /* Debug */,
				230FDD7720293E37009B2E0A /* Release */,
			);
			defaultConfigurationIsVisible = 0;
			defaultConfigurationName = Release;
		};
/* End XCConfigurationList section */
	};
	rootObject = 230FDD6620293E37009B2E0A /* Project object */;
}
