// !$*UTF8*$!
{
	archiveVersion = 1;
	classes = {
	};
	objectVersion = 48;
	objects = {

/* Begin PBXBuildFile section */
		23233A2D203409DD006F0223 /* ListArray.cpp in Sources */ = {isa = PBXBuildFile; fileRef = 23233A26203409DC006F0223 /* ListArray.cpp */; };
		23817C7D20353AF500911328 /* test3dna.cpp in Sources */ = {isa = PBXBuildFile; fileRef = 23233A25203409DC006F0223 /* test3dna.cpp */; };
		23817C80203551C900911328 /* teststruct.cpp in Sources */ = {isa = PBXBuildFile; fileRef = 23817C7E203551C900911328 /* teststruct.cpp */; };
/* End PBXBuildFile section */

/* Begin PBXCopyFilesBuildPhase section */
		232339FA2033CBC8006F0223 /* CopyFiles */ = {
			isa = PBXCopyFilesBuildPhase;
			buildActionMask = 2147483647;
			dstPath = /usr/share/man/man1/;
			dstSubfolderSpec = 0;
			files = (
			);
			runOnlyForDeploymentPostprocessing = 1;
		};
/* End PBXCopyFilesBuildPhase section */

/* Begin PBXFileReference section */
		232339FC2033CBC8006F0223 /* Cs120Lab5_TamNguyen */ = {isa = PBXFileReference; explicitFileType = "compiled.mach-o.executable"; includeInIndex = 0; path = Cs120Lab5_TamNguyen; sourceTree = BUILT_PRODUCTS_DIR; };
		23233A24203409DC006F0223 /* test3.cpp */ = {isa = PBXFileReference; fileEncoding = 4; lastKnownFileType = sourcecode.cpp.cpp; path = test3.cpp; sourceTree = "<group>"; };
		23233A25203409DC006F0223 /* test3dna.cpp */ = {isa = PBXFileReference; fileEncoding = 4; lastKnownFileType = sourcecode.cpp.cpp; path = test3dna.cpp; sourceTree = "<group>"; };
		23233A26203409DC006F0223 /* ListArray.cpp */ = {isa = PBXFileReference; fileEncoding = 4; lastKnownFileType = sourcecode.cpp.cpp; path = ListArray.cpp; sourceTree = "<group>"; };
		23233A27203409DC006F0223 /* ListArray.h */ = {isa = PBXFileReference; fileEncoding = 4; lastKnownFileType = sourcecode.c.h; path = ListArray.h; sourceTree = "<group>"; };
		23233A28203409DC006F0223 /* show3.cpp */ = {isa = PBXFileReference; fileEncoding = 4; lastKnownFileType = sourcecode.cpp.cpp; path = show3.cpp; sourceTree = "<group>"; };
		23233A29203409DD006F0223 /* sumintegers.cpp */ = {isa = PBXFileReference; fileEncoding = 4; lastKnownFileType = sourcecode.cpp.cpp; path = sumintegers.cpp; sourceTree = "<group>"; };
		23233A2A203409DD006F0223 /* config.h */ = {isa = PBXFileReference; fileEncoding = 4; lastKnownFileType = sourcecode.c.h; path = config.h; sourceTree = "<group>"; };
		23817C7E203551C900911328 /* teststruct.cpp */ = {isa = PBXFileReference; lastKnownFileType = sourcecode.cpp.cpp; path = teststruct.cpp; sourceTree = "<group>"; };
/* End PBXFileReference section */

/* Begin PBXFrameworksBuildPhase section */
		232339F92033CBC8006F0223 /* Frameworks */ = {
			isa = PBXFrameworksBuildPhase;
			buildActionMask = 2147483647;
			files = (
			);
			runOnlyForDeploymentPostprocessing = 0;
		};
/* End PBXFrameworksBuildPhase section */

/* Begin PBXGroup section */
		232339F32033CBC8006F0223 = {
			isa = PBXGroup;
			children = (
				232339FE2033CBC8006F0223 /* Cs120Lab5_TamNguyen */,
				232339FD2033CBC8006F0223 /* Products */,
			);
			sourceTree = "<group>";
		};
		232339FD2033CBC8006F0223 /* Products */ = {
			isa = PBXGroup;
			children = (
				232339FC2033CBC8006F0223 /* Cs120Lab5_TamNguyen */,
			);
			name = Products;
			sourceTree = "<group>";
		};
		232339FE2033CBC8006F0223 /* Cs120Lab5_TamNguyen */ = {
			isa = PBXGroup;
			children = (
				23233A2A203409DD006F0223 /* config.h */,
				23233A26203409DC006F0223 /* ListArray.cpp */,
				23233A27203409DC006F0223 /* ListArray.h */,
				23233A28203409DC006F0223 /* show3.cpp */,
				23233A29203409DD006F0223 /* sumintegers.cpp */,
				23817C7E203551C900911328 /* teststruct.cpp */,
				23233A24203409DC006F0223 /* test3.cpp */,
				23233A25203409DC006F0223 /* test3dna.cpp */,
			);
			path = Cs120Lab5_TamNguyen;
			sourceTree = "<group>";
		};
/* End PBXGroup section */

/* Begin PBXNativeTarget section */
		232339FB2033CBC8006F0223 /* Cs120Lab5_TamNguyen */ = {
			isa = PBXNativeTarget;
			buildConfigurationList = 23233A032033CBC8006F0223 /* Build configuration list for PBXNativeTarget "Cs120Lab5_TamNguyen" */;
			buildPhases = (
				232339F82033CBC8006F0223 /* Sources */,
				232339F92033CBC8006F0223 /* Frameworks */,
				232339FA2033CBC8006F0223 /* CopyFiles */,
			);
			buildRules = (
			);
			dependencies = (
			);
			name = Cs120Lab5_TamNguyen;
			productName = Cs120Lab5_TamNguyen;
			productReference = 232339FC2033CBC8006F0223 /* Cs120Lab5_TamNguyen */;
			productType = "com.apple.product-type.tool";
		};
/* End PBXNativeTarget section */

/* Begin PBXProject section */
		232339F42033CBC8006F0223 /* Project object */ = {
			isa = PBXProject;
			attributes = {
				LastUpgradeCheck = 0920;
				ORGANIZATIONNAME = "Nguyen Tam";
				TargetAttributes = {
					232339FB2033CBC8006F0223 = {
						CreatedOnToolsVersion = 9.2;
						ProvisioningStyle = Automatic;
					};
				};
			};
			buildConfigurationList = 232339F72033CBC8006F0223 /* Build configuration list for PBXProject "Cs120Lab5_TamNguyen" */;
			compatibilityVersion = "Xcode 8.0";
			developmentRegion = en;
			hasScannedForEncodings = 0;
			knownRegions = (
				en,
			);
			mainGroup = 232339F32033CBC8006F0223;
			productRefGroup = 232339FD2033CBC8006F0223 /* Products */;
			projectDirPath = "";
			projectRoot = "";
			targets = (
				232339FB2033CBC8006F0223 /* Cs120Lab5_TamNguyen */,
			);
		};
/* End PBXProject section */

/* Begin PBXSourcesBuildPhase section */
		232339F82033CBC8006F0223 /* Sources */ = {
			isa = PBXSourcesBuildPhase;
			buildActionMask = 2147483647;
			files = (
				23233A2D203409DD006F0223 /* ListArray.cpp in Sources */,
				23817C80203551C900911328 /* teststruct.cpp in Sources */,
				23817C7D20353AF500911328 /* test3dna.cpp in Sources */,
			);
			runOnlyForDeploymentPostprocessing = 0;
		};
/* End PBXSourcesBuildPhase section */

/* Begin XCBuildConfiguration section */
		23233A012033CBC8006F0223 /* Debug */ = {
			isa = XCBuildConfiguration;
			buildSettings = {
				ALWAYS_SEARCH_USER_PATHS = NO;
				CLANG_ANALYZER_NONNULL = YES;
				CLANG_ANALYZER_NUMBER_OBJECT_CONVERSION = YES_AGGRESSIVE;
				CLANG_CXX_LANGUAGE_STANDARD = "gnu++14";
				CLANG_CXX_LIBRARY = "libc++";
				CLANG_ENABLE_MODULES = YES;
				CLANG_ENABLE_OBJC_ARC = YES;
				CLANG_WARN_BLOCK_CAPTURE_AUTORELEASING = YES;
				CLANG_WARN_BOOL_CONVERSION = YES;
				CLANG_WARN_COMMA = YES;
				CLANG_WARN_CONSTANT_CONVERSION = YES;
				CLANG_WARN_DIRECT_OBJC_ISA_USAGE = YES_ERROR;
				CLANG_WARN_DOCUMENTATION_COMMENTS = YES;
				CLANG_WARN_EMPTY_BODY = YES;
				CLANG_WARN_ENUM_CONVERSION = YES;
				CLANG_WARN_INFINITE_RECURSION = YES;
				CLANG_WARN_INT_CONVERSION = YES;
				CLANG_WARN_NON_LITERAL_NULL_CONVERSION = YES;
				CLANG_WARN_OBJC_LITERAL_CONVERSION = YES;
				CLANG_WARN_OBJC_ROOT_CLASS = YES_ERROR;
				CLANG_WARN_RANGE_LOOP_ANALYSIS = YES;
				CLANG_WARN_STRICT_PROTOTYPES = YES;
				CLANG_WARN_SUSPICIOUS_MOVE = YES;
				CLANG_WARN_UNGUARDED_AVAILABILITY = YES_AGGRESSIVE;
				CLANG_WARN_UNREACHABLE_CODE = YES;
				CLANG_WARN__DUPLICATE_METHOD_MATCH = YES;
				CODE_SIGN_IDENTITY = "-";
				COPY_PHASE_STRIP = NO;
				DEBUG_INFORMATION_FORMAT = dwarf;
				ENABLE_STRICT_OBJC_MSGSEND = YES;
				ENABLE_TESTABILITY = YES;
				GCC_C_LANGUAGE_STANDARD = gnu11;
				GCC_DYNAMIC_NO_PIC = NO;
				GCC_NO_COMMON_BLOCKS = YES;
				GCC_OPTIMIZATION_LEVEL = 0;
				GCC_PREPROCESSOR_DEFINITIONS = (
					"DEBUG=1",
					"$(inherited)",
				);
				GCC_WARN_64_TO_32_BIT_CONVERSION = YES;
				GCC_WARN_ABOUT_RETURN_TYPE = YES_ERROR;
				GCC_WARN_UNDECLARED_SELECTOR = YES;
				GCC_WARN_UNINITIALIZED_AUTOS = YES_AGGRESSIVE;
				GCC_WARN_UNUSED_FUNCTION = YES;
				GCC_WARN_UNUSED_VARIABLE = YES;
				MACOSX_DEPLOYMENT_TARGET = 10.12;
				MTL_ENABLE_DEBUG_INFO = YES;
				ONLY_ACTIVE_ARCH = YES;
				SDKROOT = macosx;
			};
			name = Debug;
		};
		23233A022033CBC8006F0223 /* Release */ = {
			isa = XCBuildConfiguration;
			buildSettings = {
				ALWAYS_SEARCH_USER_PATHS = NO;
				CLANG_ANALYZER_NONNULL = YES;
				CLANG_ANALYZER_NUMBER_OBJECT_CONVERSION = YES_AGGRESSIVE;
				CLANG_CXX_LANGUAGE_STANDARD = "gnu++14";
				CLANG_CXX_LIBRARY = "libc++";
				CLANG_ENABLE_MODULES = YES;
				CLANG_ENABLE_OBJC_ARC = YES;
				CLANG_WARN_BLOCK_CAPTURE_AUTORELEASING = YES;
				CLANG_WARN_BOOL_CONVERSION = YES;
				CLANG_WARN_COMMA = YES;
				CLANG_WARN_CONSTANT_CONVERSION = YES;
				CLANG_WARN_DIRECT_OBJC_ISA_USAGE = YES_ERROR;
				CLANG_WARN_DOCUMENTATION_COMMENTS = YES;
				CLANG_WARN_EMPTY_BODY = YES;
				CLANG_WARN_ENUM_CONVERSION = YES;
				CLANG_WARN_INFINITE_RECURSION = YES;
				CLANG_WARN_INT_CONVERSION = YES;
				CLANG_WARN_NON_LITERAL_NULL_CONVERSION = YES;
				CLANG_WARN_OBJC_LITERAL_CONVERSION = YES;
				CLANG_WARN_OBJC_ROOT_CLASS = YES_ERROR;
				CLANG_WARN_RANGE_LOOP_ANALYSIS = YES;
				CLANG_WARN_STRICT_PROTOTYPES = YES;
				CLANG_WARN_SUSPICIOUS_MOVE = YES;
				CLANG_WARN_UNGUARDED_AVAILABILITY = YES_AGGRESSIVE;
				CLANG_WARN_UNREACHABLE_CODE = YES;
				CLANG_WARN__DUPLICATE_METHOD_MATCH = YES;
				CODE_SIGN_IDENTITY = "-";
				COPY_PHASE_STRIP = NO;
				DEBUG_INFORMATION_FORMAT = "dwarf-with-dsym";
				ENABLE_NS_ASSERTIONS = NO;
				ENABLE_STRICT_OBJC_MSGSEND = YES;
				GCC_C_LANGUAGE_STANDARD = gnu11;
				GCC_NO_COMMON_BLOCKS = YES;
				GCC_WARN_64_TO_32_BIT_CONVERSION = YES;
				GCC_WARN_ABOUT_RETURN_TYPE = YES_ERROR;
				GCC_WARN_UNDECLARED_SELECTOR = YES;
				GCC_WARN_UNINITIALIZED_AUTOS = YES_AGGRESSIVE;
				GCC_WARN_UNUSED_FUNCTION = YES;
				GCC_WARN_UNUSED_VARIABLE = YES;
				MACOSX_DEPLOYMENT_TARGET = 10.12;
				MTL_ENABLE_DEBUG_INFO = NO;
				SDKROOT = macosx;
			};
			name = Release;
		};
		23233A042033CBC8006F0223 /* Debug */ = {
			isa = XCBuildConfiguration;
			buildSettings = {
				CODE_SIGN_STYLE = Automatic;
				PRODUCT_NAME = "$(TARGET_NAME)";
			};
			name = Debug;
		};
		23233A052033CBC8006F0223 /* Release */ = {
			isa = XCBuildConfiguration;
			buildSettings = {
				CODE_SIGN_STYLE = Automatic;
				PRODUCT_NAME = "$(TARGET_NAME)";
			};
			name = Release;
		};
/* End XCBuildConfiguration section */

/* Begin XCConfigurationList section */
		232339F72033CBC8006F0223 /* Build configuration list for PBXProject "Cs120Lab5_TamNguyen" */ = {
			isa = XCConfigurationList;
			buildConfigurations = (
				23233A012033CBC8006F0223 /* Debug */,
				23233A022033CBC8006F0223 /* Release */,
			);
			defaultConfigurationIsVisible = 0;
			defaultConfigurationName = Release;
		};
		23233A032033CBC8006F0223 /* Build configuration list for PBXNativeTarget "Cs120Lab5_TamNguyen" */ = {
			isa = XCConfigurationList;
			buildConfigurations = (
				23233A042033CBC8006F0223 /* Debug */,
				23233A052033CBC8006F0223 /* Release */,
			);
			defaultConfigurationIsVisible = 0;
			defaultConfigurationName = Release;
		};
/* End XCConfigurationList section */
	};
	rootObject = 232339F42033CBC8006F0223 /* Project object */;
}
