// !$*UTF8*$!
{
	archiveVersion = 1;
	classes = {
	};
	objectVersion = 48;
	objects = {

/* Begin PBXBuildFile section */
		2311D079203DEC87007F159A /* test4.cpp in Sources */ = {isa = PBXBuildFile; fileRef = 2311D066203BE10F007F159A /* test4.cpp */; };
		2311D084203DFF9F007F159A /* OrderedList.cpp in Sources */ = {isa = PBXBuildFile; fileRef = 2311D082203DFF9F007F159A /* OrderedList.cpp */; };
/* End PBXBuildFile section */

/* Begin PBXCopyFilesBuildPhase section */
		23817C882037CAFD00911328 /* CopyFiles */ = {
			isa = PBXCopyFilesBuildPhase;
			buildActionMask = 2147483647;
			dstPath = /usr/share/man/man1/;
			dstSubfolderSpec = 0;
			files = (
			);
			runOnlyForDeploymentPostprocessing = 1;
		};
/* End PBXCopyFilesBuildPhase section */

/* Begin PBXFileReference section */
		2311D061203BE10E007F159A /* show4.cpp */ = {isa = PBXFileReference; fileEncoding = 4; lastKnownFileType = sourcecode.cpp.cpp; path = show4.cpp; sourceTree = "<group>"; };
		2311D062203BE10E007F159A /* search.cpp */ = {isa = PBXFileReference; fileEncoding = 4; lastKnownFileType = sourcecode.cpp.cpp; path = search.cpp; sourceTree = "<group>"; };
		2311D063203BE10E007F159A /* config.h */ = {isa = PBXFileReference; fileEncoding = 4; lastKnownFileType = sourcecode.c.h; path = config.h; sourceTree = "<group>"; };
		2311D064203BE10E007F159A /* OrderedList.h */ = {isa = PBXFileReference; fileEncoding = 4; lastKnownFileType = sourcecode.c.h; path = OrderedList.h; sourceTree = "<group>"; };
		2311D065203BE10E007F159A /* lab04-ex1.cpp */ = {isa = PBXFileReference; fileEncoding = 4; lastKnownFileType = sourcecode.cpp.cpp; path = "lab04-ex1.cpp"; sourceTree = "<group>"; };
		2311D066203BE10F007F159A /* test4.cpp */ = {isa = PBXFileReference; fileEncoding = 4; lastKnownFileType = sourcecode.cpp.cpp; path = test4.cpp; sourceTree = "<group>"; };
		2311D067203BE10F007F159A /* ListArray.h */ = {isa = PBXFileReference; fileEncoding = 4; lastKnownFileType = sourcecode.c.h; path = ListArray.h; sourceTree = "<group>"; };
		2311D07A203DED13007F159A /* packet.cs */ = {isa = PBXFileReference; lastKnownFileType = text; path = packet.cs; sourceTree = "<group>"; };
		2311D07B203DED13007F159A /* message.dat */ = {isa = PBXFileReference; lastKnownFileType = text; path = message.dat; sourceTree = "<group>"; };
		2311D07E203DFBB7007F159A /* Packet.cpp */ = {isa = PBXFileReference; lastKnownFileType = sourcecode.cpp.cpp; path = Packet.cpp; sourceTree = "<group>"; };
		2311D082203DFF9F007F159A /* OrderedList.cpp */ = {isa = PBXFileReference; fileEncoding = 4; lastKnownFileType = sourcecode.cpp.cpp; path = OrderedList.cpp; sourceTree = "<group>"; };
		23817C8A2037CAFD00911328 /* CS120Lab6_TamNguyen */ = {isa = PBXFileReference; explicitFileType = "compiled.mach-o.executable"; includeInIndex = 0; path = CS120Lab6_TamNguyen; sourceTree = BUILT_PRODUCTS_DIR; };
/* End PBXFileReference section */

/* Begin PBXFrameworksBuildPhase section */
		23817C872037CAFD00911328 /* Frameworks */ = {
			isa = PBXFrameworksBuildPhase;
			buildActionMask = 2147483647;
			files = (
			);
			runOnlyForDeploymentPostprocessing = 0;
		};
/* End PBXFrameworksBuildPhase section */

/* Begin PBXGroup section */
		23817C812037CAFD00911328 = {
			isa = PBXGroup;
			children = (
				23817C8C2037CAFD00911328 /* CS120Lab6_TamNguyen */,
				23817C8B2037CAFD00911328 /* Products */,
			);
			sourceTree = "<group>";
		};
		23817C8B2037CAFD00911328 /* Products */ = {
			isa = PBXGroup;
			children = (
				23817C8A2037CAFD00911328 /* CS120Lab6_TamNguyen */,
			);
			name = Products;
			sourceTree = "<group>";
		};
		23817C8C2037CAFD00911328 /* CS120Lab6_TamNguyen */ = {
			isa = PBXGroup;
			children = (
				2311D063203BE10E007F159A /* config.h */,
				2311D065203BE10E007F159A /* lab04-ex1.cpp */,
				2311D07E203DFBB7007F159A /* Packet.cpp */,
				2311D067203BE10F007F159A /* ListArray.h */,
				2311D064203BE10E007F159A /* OrderedList.h */,
				2311D082203DFF9F007F159A /* OrderedList.cpp */,
				2311D062203BE10E007F159A /* search.cpp */,
				2311D061203BE10E007F159A /* show4.cpp */,
				2311D066203BE10F007F159A /* test4.cpp */,
				2311D07B203DED13007F159A /* message.dat */,
				2311D07A203DED13007F159A /* packet.cs */,
			);
			path = CS120Lab6_TamNguyen;
			sourceTree = "<group>";
		};
/* End PBXGroup section */

/* Begin PBXNativeTarget section */
		23817C892037CAFD00911328 /* CS120Lab6_TamNguyen */ = {
			isa = PBXNativeTarget;
			buildConfigurationList = 23817C912037CAFD00911328 /* Build configuration list for PBXNativeTarget "CS120Lab6_TamNguyen" */;
			buildPhases = (
				23817C862037CAFD00911328 /* Sources */,
				23817C872037CAFD00911328 /* Frameworks */,
				23817C882037CAFD00911328 /* CopyFiles */,
			);
			buildRules = (
			);
			dependencies = (
			);
			name = CS120Lab6_TamNguyen;
			productName = CS120Lab6_TamNguyen;
			productReference = 23817C8A2037CAFD00911328 /* CS120Lab6_TamNguyen */;
			productType = "com.apple.product-type.tool";
		};
/* End PBXNativeTarget section */

/* Begin PBXProject section */
		23817C822037CAFD00911328 /* Project object */ = {
			isa = PBXProject;
			attributes = {
				LastUpgradeCheck = 0920;
				ORGANIZATIONNAME = "Nguyen Tam";
				TargetAttributes = {
					23817C892037CAFD00911328 = {
						CreatedOnToolsVersion = 9.2;
						ProvisioningStyle = Automatic;
					};
				};
			};
			buildConfigurationList = 23817C852037CAFD00911328 /* Build configuration list for PBXProject "CS120Lab6_TamNguyen" */;
			compatibilityVersion = "Xcode 8.0";
			developmentRegion = en;
			hasScannedForEncodings = 0;
			knownRegions = (
				en,
			);
			mainGroup = 23817C812037CAFD00911328;
			productRefGroup = 23817C8B2037CAFD00911328 /* Products */;
			projectDirPath = "";
			projectRoot = "";
			targets = (
				23817C892037CAFD00911328 /* CS120Lab6_TamNguyen */,
			);
		};
/* End PBXProject section */

/* Begin PBXSourcesBuildPhase section */
		23817C862037CAFD00911328 /* Sources */ = {
			isa = PBXSourcesBuildPhase;
			buildActionMask = 2147483647;
			files = (
				2311D079203DEC87007F159A /* test4.cpp in Sources */,
				2311D084203DFF9F007F159A /* OrderedList.cpp in Sources */,
			);
			runOnlyForDeploymentPostprocessing = 0;
		};
/* End PBXSourcesBuildPhase section */

/* Begin XCBuildConfiguration section */
		23817C8F2037CAFD00911328 /* Debug */ = {
			isa = XCBuildConfiguration;
			buildSettings = {
				ALWAYS_SEARCH_USER_PATHS = NO;
				CLANG_ANALYZER_NONNULL = YES;
				CLANG_ANALYZER_NUMBER_OBJECT_CONVERSION = YES_AGGRESSIVE;
				CLANG_CXX_LANGUAGE_STANDARD = "gnu++14";
				CLANG_CXX_LIBRARY = "libc++";
				CLANG_ENABLE_MODULES = YES;
				CLANG_ENABLE_OBJC_ARC = YES;
				CLANG_WARN_BLOCK_CAPTURE_AUTORELEASING = YES;
				CLANG_WARN_BOOL_CONVERSION = YES;
				CLANG_WARN_COMMA = YES;
				CLANG_WARN_CONSTANT_CONVERSION = YES;
				CLANG_WARN_DIRECT_OBJC_ISA_USAGE = YES_ERROR;
				CLANG_WARN_DOCUMENTATION_COMMENTS = YES;
				CLANG_WARN_EMPTY_BODY = YES;
				CLANG_WARN_ENUM_CONVERSION = YES;
				CLANG_WARN_INFINITE_RECURSION = YES;
				CLANG_WARN_INT_CONVERSION = YES;
				CLANG_WARN_NON_LITERAL_NULL_CONVERSION = YES;
				CLANG_WARN_OBJC_LITERAL_CONVERSION = YES;
				CLANG_WARN_OBJC_ROOT_CLASS = YES_ERROR;
				CLANG_WARN_RANGE_LOOP_ANALYSIS = YES;
				CLANG_WARN_STRICT_PROTOTYPES = YES;
				CLANG_WARN_SUSPICIOUS_MOVE = YES;
				CLANG_WARN_UNGUARDED_AVAILABILITY = YES_AGGRESSIVE;
				CLANG_WARN_UNREACHABLE_CODE = YES;
				CLANG_WARN__DUPLICATE_METHOD_MATCH = YES;
				CODE_SIGN_IDENTITY = "-";
				COPY_PHASE_STRIP = NO;
				DEBUG_INFORMATION_FORMAT = dwarf;
				ENABLE_STRICT_OBJC_MSGSEND = YES;
				ENABLE_TESTABILITY = YES;
				GCC_C_LANGUAGE_STANDARD = gnu11;
				GCC_DYNAMIC_NO_PIC = NO;
				GCC_NO_COMMON_BLOCKS = YES;
				GCC_OPTIMIZATION_LEVEL = 0;
				GCC_PREPROCESSOR_DEFINITIONS = (
					"DEBUG=1",
					"$(inherited)",
				);
				GCC_WARN_64_TO_32_BIT_CONVERSION = YES;
				GCC_WARN_ABOUT_RETURN_TYPE = YES_ERROR;
				GCC_WARN_UNDECLARED_SELECTOR = YES;
				GCC_WARN_UNINITIALIZED_AUTOS = YES_AGGRESSIVE;
				GCC_WARN_UNUSED_FUNCTION = YES;
				GCC_WARN_UNUSED_VARIABLE = YES;
				MACOSX_DEPLOYMENT_TARGET = 10.12;
				MTL_ENABLE_DEBUG_INFO = YES;
				ONLY_ACTIVE_ARCH = YES;
				SDKROOT = macosx;
			};
			name = Debug;
		};
		23817C902037CAFD00911328 /* Release */ = {
			isa = XCBuildConfiguration;
			buildSettings = {
				ALWAYS_SEARCH_USER_PATHS = NO;
				CLANG_ANALYZER_NONNULL = YES;
				CLANG_ANALYZER_NUMBER_OBJECT_CONVERSION = YES_AGGRESSIVE;
				CLANG_CXX_LANGUAGE_STANDARD = "gnu++14";
				CLANG_CXX_LIBRARY = "libc++";
				CLANG_ENABLE_MODULES = YES;
				CLANG_ENABLE_OBJC_ARC = YES;
				CLANG_WARN_BLOCK_CAPTURE_AUTORELEASING = YES;
				CLANG_WARN_BOOL_CONVERSION = YES;
				CLANG_WARN_COMMA = YES;
				CLANG_WARN_CONSTANT_CONVERSION = YES;
				CLANG_WARN_DIRECT_OBJC_ISA_USAGE = YES_ERROR;
				CLANG_WARN_DOCUMENTATION_COMMENTS = YES;
				CLANG_WARN_EMPTY_BODY = YES;
				CLANG_WARN_ENUM_CONVERSION = YES;
				CLANG_WARN_INFINITE_RECURSION = YES;
				CLANG_WARN_INT_CONVERSION = YES;
				CLANG_WARN_NON_LITERAL_NULL_CONVERSION = YES;
				CLANG_WARN_OBJC_LITERAL_CONVERSION = YES;
				CLANG_WARN_OBJC_ROOT_CLASS = YES_ERROR;
				CLANG_WARN_RANGE_LOOP_ANALYSIS = YES;
				CLANG_WARN_STRICT_PROTOTYPES = YES;
				CLANG_WARN_SUSPICIOUS_MOVE = YES;
				CLANG_WARN_UNGUARDED_AVAILABILITY = YES_AGGRESSIVE;
				CLANG_WARN_UNREACHABLE_CODE = YES;
				CLANG_WARN__DUPLICATE_METHOD_MATCH = YES;
				CODE_SIGN_IDENTITY = "-";
				COPY_PHASE_STRIP = NO;
				DEBUG_INFORMATION_FORMAT = "dwarf-with-dsym";
				ENABLE_NS_ASSERTIONS = NO;
				ENABLE_STRICT_OBJC_MSGSEND = YES;
				GCC_C_LANGUAGE_STANDARD = gnu11;
				GCC_NO_COMMON_BLOCKS = YES;
				GCC_WARN_64_TO_32_BIT_CONVERSION = YES;
				GCC_WARN_ABOUT_RETURN_TYPE = YES_ERROR;
				GCC_WARN_UNDECLARED_SELECTOR = YES;
				GCC_WARN_UNINITIALIZED_AUTOS = YES_AGGRESSIVE;
				GCC_WARN_UNUSED_FUNCTION = YES;
				GCC_WARN_UNUSED_VARIABLE = YES;
				MACOSX_DEPLOYMENT_TARGET = 10.12;
				MTL_ENABLE_DEBUG_INFO = NO;
				SDKROOT = macosx;
			};
			name = Release;
		};
		23817C922037CAFD00911328 /* Debug */ = {
			isa = XCBuildConfiguration;
			buildSettings = {
				CODE_SIGN_STYLE = Automatic;
				PRODUCT_NAME = "$(TARGET_NAME)";
			};
			name = Debug;
		};
		23817C932037CAFD00911328 /* Release */ = {
			isa = XCBuildConfiguration;
			buildSettings = {
				CODE_SIGN_STYLE = Automatic;
				PRODUCT_NAME = "$(TARGET_NAME)";
			};
			name = Release;
		};
/* End XCBuildConfiguration section */

/* Begin XCConfigurationList section */
		23817C852037CAFD00911328 /* Build configuration list for PBXProject "CS120Lab6_TamNguyen" */ = {
			isa = XCConfigurationList;
			buildConfigurations = (
				23817C8F2037CAFD00911328 /* Debug */,
				23817C902037CAFD00911328 /* Release */,
			);
			defaultConfigurationIsVisible = 0;
			defaultConfigurationName = Release;
		};
		23817C912037CAFD00911328 /* Build configuration list for PBXNativeTarget "CS120Lab6_TamNguyen" */ = {
			isa = XCConfigurationList;
			buildConfigurations = (
				23817C922037CAFD00911328 /* Debug */,
				23817C932037CAFD00911328 /* Release */,
			);
			defaultConfigurationIsVisible = 0;
			defaultConfigurationName = Release;
		};
/* End XCConfigurationList section */
	};
	rootObject = 23817C822037CAFD00911328 /* Project object */;
}
